// !$*UTF8*$!
{
	archiveVersion = 1;
	classes = {
	};
	objectVersion = 46;
	objects = {

/* Begin PBXBuildFile section */
		D328D63C1D266338003308E3 /* main.m in Sources */ = {isa = PBXBuildFile; fileRef = D328D63B1D266338003308E3 /* main.m */; };
		D328D63F1D266338003308E3 /* AppDelegate.m in Sources */ = {isa = PBXBuildFile; fileRef = D328D63E1D266338003308E3 /* AppDelegate.m */; };
		D328D6421D266338003308E3 /* ViewController.m in Sources */ = {isa = PBXBuildFile; fileRef = D328D6411D266338003308E3 /* ViewController.m */; };
		D328D6451D266338003308E3 /* Main.storyboard in Resources */ = {isa = PBXBuildFile; fileRef = D328D6431D266338003308E3 /* Main.storyboard */; };
		D328D6471D266338003308E3 /* Assets.xcassets in Resources */ = {isa = PBXBuildFile; fileRef = D328D6461D266338003308E3 /* Assets.xcassets */; };
		D328D64A1D266338003308E3 /* LaunchScreen.storyboard in Resources */ = {isa = PBXBuildFile; fileRef = D328D6481D266338003308E3 /* LaunchScreen.storyboard */; };
		D328D66C1D266436003308E3 /* Info.plist in Resources */ = {isa = PBXBuildFile; fileRef = D328D6521D266436003308E3 /* Info.plist */; };
		D328D66D1D266436003308E3 /* MASCompositeConstraint.m in Sources */ = {isa = PBXBuildFile; fileRef = D328D6541D266436003308E3 /* MASCompositeConstraint.m */; };
		D328D66E1D266436003308E3 /* MASConstraint.m in Sources */ = {isa = PBXBuildFile; fileRef = D328D6571D266436003308E3 /* MASConstraint.m */; };
		D328D66F1D266436003308E3 /* MASConstraintMaker.m in Sources */ = {isa = PBXBuildFile; fileRef = D328D6591D266436003308E3 /* MASConstraintMaker.m */; };
		D328D6701D266436003308E3 /* MASLayoutConstraint.m in Sources */ = {isa = PBXBuildFile; fileRef = D328D65B1D266436003308E3 /* MASLayoutConstraint.m */; };
		D328D6711D266436003308E3 /* MASViewAttribute.m in Sources */ = {isa = PBXBuildFile; fileRef = D328D65F1D266436003308E3 /* MASViewAttribute.m */; };
		D328D6721D266436003308E3 /* MASViewConstraint.m in Sources */ = {isa = PBXBuildFile; fileRef = D328D6611D266436003308E3 /* MASViewConstraint.m */; };
		D328D6731D266436003308E3 /* NSArray+MASAdditions.m in Sources */ = {isa = PBXBuildFile; fileRef = D328D6631D266436003308E3 /* NSArray+MASAdditions.m */; };
		D328D6741D266436003308E3 /* NSLayoutConstraint+MASDebugAdditions.m in Sources */ = {isa = PBXBuildFile; fileRef = D328D6661D266436003308E3 /* NSLayoutConstraint+MASDebugAdditions.m */; };
		D328D6751D266436003308E3 /* View+MASAdditions.m in Sources */ = {isa = PBXBuildFile; fileRef = D328D6681D266436003308E3 /* View+MASAdditions.m */; };
		D328D6761D266436003308E3 /* ViewController+MASAdditions.m in Sources */ = {isa = PBXBuildFile; fileRef = D328D66B1D266436003308E3 /* ViewController+MASAdditions.m */; };
/* End PBXBuildFile section */

/* Begin PBXFileReference section */
		D328D6371D266338003308E3 /* GCD-Barrier.app */ = {isa = PBXFileReference; explicitFileType = wrapper.application; includeInIndex = 0; path = "GCD-Barrier.app"; sourceTree = BUILT_PRODUCTS_DIR; };
		D328D63B1D266338003308E3 /* main.m */ = {isa = PBXFileReference; lastKnownFileType = sourcecode.c.objc; path = main.m; sourceTree = "<group>"; };
		D328D63D1D266338003308E3 /* AppDelegate.h */ = {isa = PBXFileReference; lastKnownFileType = sourcecode.c.h; path = AppDelegate.h; sourceTree = "<group>"; };
		D328D63E1D266338003308E3 /* AppDelegate.m */ = {isa = PBXFileReference; lastKnownFileType = sourcecode.c.objc; path = AppDelegate.m; sourceTree = "<group>"; };
		D328D6401D266338003308E3 /* ViewController.h */ = {isa = PBXFileReference; lastKnownFileType = sourcecode.c.h; path = ViewController.h; sourceTree = "<group>"; };
		D328D6411D266338003308E3 /* ViewController.m */ = {isa = PBXFileReference; lastKnownFileType = sourcecode.c.objc; path = ViewController.m; sourceTree = "<group>"; };
		D328D6441D266338003308E3 /* Base */ = {isa = PBXFileReference; lastKnownFileType = file.storyboard; name = Base; path = Base.lproj/Main.storyboard; sourceTree = "<group>"; };
		D328D6461D266338003308E3 /* Assets.xcassets */ = {isa = PBXFileReference; lastKnownFileType = folder.assetcatalog; path = Assets.xcassets; sourceTree = "<group>"; };
		D328D6491D266338003308E3 /* Base */ = {isa = PBXFileReference; lastKnownFileType = file.storyboard; name = Base; path = Base.lproj/LaunchScreen.storyboard; sourceTree = "<group>"; };
		D328D64B1D266338003308E3 /* Info.plist */ = {isa = PBXFileReference; lastKnownFileType = text.plist.xml; path = Info.plist; sourceTree = "<group>"; };
		D328D6521D266436003308E3 /* Info.plist */ = {isa = PBXFileReference; fileEncoding = 4; lastKnownFileType = text.plist.xml; path = Info.plist; sourceTree = "<group>"; };
		D328D6531D266436003308E3 /* MASCompositeConstraint.h */ = {isa = PBXFileReference; fileEncoding = 4; lastKnownFileType = sourcecode.c.h; path = MASCompositeConstraint.h; sourceTree = "<group>"; };
		D328D6541D266436003308E3 /* MASCompositeConstraint.m */ = {isa = PBXFileReference; fileEncoding = 4; lastKnownFileType = sourcecode.c.objc; path = MASCompositeConstraint.m; sourceTree = "<group>"; };
		D328D6551D266436003308E3 /* MASConstraint+Private.h */ = {isa = PBXFileReference; fileEncoding = 4; lastKnownFileType = sourcecode.c.h; path = "MASConstraint+Private.h"; sourceTree = "<group>"; };
		D328D6561D266436003308E3 /* MASConstraint.h */ = {isa = PBXFileReference; fileEncoding = 4; lastKnownFileType = sourcecode.c.h; path = MASConstraint.h; sourceTree = "<group>"; };
		D328D6571D266436003308E3 /* MASConstraint.m */ = {isa = PBXFileReference; fileEncoding = 4; lastKnownFileType = sourcecode.c.objc; path = MASConstraint.m; sourceTree = "<group>"; };
		D328D6581D266436003308E3 /* MASConstraintMaker.h */ = {isa = PBXFileReference; fileEncoding = 4; lastKnownFileType = sourcecode.c.h; path = MASConstraintMaker.h; sourceTree = "<group>"; };
		D328D6591D266436003308E3 /* MASConstraintMaker.m */ = {isa = PBXFileReference; fileEncoding = 4; lastKnownFileType = sourcecode.c.objc; path = MASConstraintMaker.m; sourceTree = "<group>"; };
		D328D65A1D266436003308E3 /* MASLayoutConstraint.h */ = {isa = PBXFileReference; fileEncoding = 4; lastKnownFileType = sourcecode.c.h; path = MASLayoutConstraint.h; sourceTree = "<group>"; };
		D328D65B1D266436003308E3 /* MASLayoutConstraint.m */ = {isa = PBXFileReference; fileEncoding = 4; lastKnownFileType = sourcecode.c.objc; path = MASLayoutConstraint.m; sourceTree = "<group>"; };
		D328D65C1D266436003308E3 /* Masonry.h */ = {isa = PBXFileReference; fileEncoding = 4; lastKnownFileType = sourcecode.c.h; path = Masonry.h; sourceTree = "<group>"; };
		D328D65D1D266436003308E3 /* MASUtilities.h */ = {isa = PBXFileReference; fileEncoding = 4; lastKnownFileType = sourcecode.c.h; path = MASUtilities.h; sourceTree = "<group>"; };
		D328D65E1D266436003308E3 /* MASViewAttribute.h */ = {isa = PBXFileReference; fileEncoding = 4; lastKnownFileType = sourcecode.c.h; path = MASViewAttribute.h; sourceTree = "<group>"; };
		D328D65F1D266436003308E3 /* MASViewAttribute.m */ = {isa = PBXFileReference; fileEncoding = 4; lastKnownFileType = sourcecode.c.objc; path = MASViewAttribute.m; sourceTree = "<group>"; };
		D328D6601D266436003308E3 /* MASViewConstraint.h */ = {isa = PBXFileReference; fileEncoding = 4; lastKnownFileType = sourcecode.c.h; path = MASViewConstraint.h; sourceTree = "<group>"; };
		D328D6611D266436003308E3 /* MASViewConstraint.m */ = {isa = PBXFileReference; fileEncoding = 4; lastKnownFileType = sourcecode.c.objc; path = MASViewConstraint.m; sourceTree = "<group>"; };
		D328D6621D266436003308E3 /* NSArray+MASAdditions.h */ = {isa = PBXFileReference; fileEncoding = 4; lastKnownFileType = sourcecode.c.h; path = "NSArray+MASAdditions.h"; sourceTree = "<group>"; };
		D328D6631D266436003308E3 /* NSArray+MASAdditions.m */ = {isa = PBXFileReference; fileEncoding = 4; lastKnownFileType = sourcecode.c.objc; path = "NSArray+MASAdditions.m"; sourceTree = "<group>"; };
		D328D6641D266436003308E3 /* NSArray+MASShorthandAdditions.h */ = {isa = PBXFileReference; fileEncoding = 4; lastKnownFileType = sourcecode.c.h; path = "NSArray+MASShorthandAdditions.h"; sourceTree = "<group>"; };
		D328D6651D266436003308E3 /* NSLayoutConstraint+MASDebugAdditions.h */ = {isa = PBXFileReference; fileEncoding = 4; lastKnownFileType = sourcecode.c.h; path = "NSLayoutConstraint+MASDebugAdditions.h"; sourceTree = "<group>"; };
		D328D6661D266436003308E3 /* NSLayoutConstraint+MASDebugAdditions.m */ = {isa = PBXFileReference; fileEncoding = 4; lastKnownFileType = sourcecode.c.objc; path = "NSLayoutConstraint+MASDebugAdditions.m"; sourceTree = "<group>"; };
		D328D6671D266436003308E3 /* View+MASAdditions.h */ = {isa = PBXFileReference; fileEncoding = 4; lastKnownFileType = sourcecode.c.h; path = "View+MASAdditions.h"; sourceTree = "<group>"; };
		D328D6681D266436003308E3 /* View+MASAdditions.m */ = {isa = PBXFileReference; fileEncoding = 4; lastKnownFileType = sourcecode.c.objc; path = "View+MASAdditions.m"; sourceTree = "<group>"; };
		D328D6691D266436003308E3 /* View+MASShorthandAdditions.h */ = {isa = PBXFileReference; fileEncoding = 4; lastKnownFileType = sourcecode.c.h; path = "View+MASShorthandAdditions.h"; sourceTree = "<group>"; };
		D328D66A1D266436003308E3 /* ViewController+MASAdditions.h */ = {isa = PBXFileReference; fileEncoding = 4; lastKnownFileType = sourcecode.c.h; path = "ViewController+MASAdditions.h"; sourceTree = "<group>"; };
		D328D66B1D266436003308E3 /* ViewController+MASAdditions.m */ = {isa = PBXFileReference; fileEncoding = 4; lastKnownFileType = sourcecode.c.objc; path = "ViewController+MASAdditions.m"; sourceTree = "<group>"; };
/* End PBXFileReference section */

/* Begin PBXFrameworksBuildPhase section */
		D328D6341D266338003308E3 /* Frameworks */ = {
			isa = PBXFrameworksBuildPhase;
			buildActionMask = 2147483647;
			files = (
			);
			runOnlyForDeploymentPostprocessing = 0;
		};
/* End PBXFrameworksBuildPhase section */

/* Begin PBXGroup section */
		D328D62E1D266338003308E3 = {
			isa = PBXGroup;
			children = (
				D328D6391D266338003308E3 /* GCD-Barrier */,
				D328D6381D266338003308E3 /* Products */,
			);
			sourceTree = "<group>";
		};
		D328D6381D266338003308E3 /* Products */ = {
			isa = PBXGroup;
			children = (
				D328D6371D266338003308E3 /* GCD-Barrier.app */,
			);
			name = Products;
			sourceTree = "<group>";
		};
		D328D6391D266338003308E3 /* GCD-Barrier */ = {
			isa = PBXGroup;
			children = (
				D328D63D1D266338003308E3 /* AppDelegate.h */,
				D328D63E1D266338003308E3 /* AppDelegate.m */,
				D328D6401D266338003308E3 /* ViewController.h */,
				D328D6411D266338003308E3 /* ViewController.m */,
				D328D6431D266338003308E3 /* Main.storyboard */,
				D328D6511D266436003308E3 /* Masonry */,
				D328D6461D266338003308E3 /* Assets.xcassets */,
				D328D6481D266338003308E3 /* LaunchScreen.storyboard */,
				D328D64B1D266338003308E3 /* Info.plist */,
				D328D63A1D266338003308E3 /* Supporting Files */,
			);
			path = "GCD-Barrier";
			sourceTree = "<group>";
		};
		D328D63A1D266338003308E3 /* Supporting Files */ = {
			isa = PBXGroup;
			children = (
				D328D63B1D266338003308E3 /* main.m */,
			);
			name = "Supporting Files";
			sourceTree = "<group>";
		};
		D328D6511D266436003308E3 /* Masonry */ = {
			isa = PBXGroup;
			children = (
				D328D6521D266436003308E3 /* Info.plist */,
				D328D6531D266436003308E3 /* MASCompositeConstraint.h */,
				D328D6541D266436003308E3 /* MASCompositeConstraint.m */,
				D328D6551D266436003308E3 /* MASConstraint+Private.h */,
				D328D6561D266436003308E3 /* MASConstraint.h */,
				D328D6571D266436003308E3 /* MASConstraint.m */,
				D328D6581D266436003308E3 /* MASConstraintMaker.h */,
				D328D6591D266436003308E3 /* MASConstraintMaker.m */,
				D328D65A1D266436003308E3 /* MASLayoutConstraint.h */,
				D328D65B1D266436003308E3 /* MASLayoutConstraint.m */,
				D328D65C1D266436003308E3 /* Masonry.h */,
				D328D65D1D266436003308E3 /* MASUtilities.h */,
				D328D65E1D266436003308E3 /* MASViewAttribute.h */,
				D328D65F1D266436003308E3 /* MASViewAttribute.m */,
				D328D6601D266436003308E3 /* MASViewConstraint.h */,
				D328D6611D266436003308E3 /* MASViewConstraint.m */,
				D328D6621D266436003308E3 /* NSArray+MASAdditions.h */,
				D328D6631D266436003308E3 /* NSArray+MASAdditions.m */,
				D328D6641D266436003308E3 /* NSArray+MASShorthandAdditions.h */,
				D328D6651D266436003308E3 /* NSLayoutConstraint+MASDebugAdditions.h */,
				D328D6661D266436003308E3 /* NSLayoutConstraint+MASDebugAdditions.m */,
				D328D6671D266436003308E3 /* View+MASAdditions.h */,
				D328D6681D266436003308E3 /* View+MASAdditions.m */,
				D328D6691D266436003308E3 /* View+MASShorthandAdditions.h */,
				D328D66A1D266436003308E3 /* ViewController+MASAdditions.h */,
				D328D66B1D266436003308E3 /* ViewController+MASAdditions.m */,
			);
			path = Masonry;
			sourceTree = "<group>";
		};
/* End PBXGroup section */

/* Begin PBXNativeTarget section */
		D328D6361D266338003308E3 /* GCD-Barrier */ = {
			isa = PBXNativeTarget;
			buildConfigurationList = D328D64E1D266338003308E3 /* Build configuration list for PBXNativeTarget "GCD-Barrier" */;
			buildPhases = (
				D328D6331D266338003308E3 /* Sources */,
				D328D6341D266338003308E3 /* Frameworks */,
				D328D6351D266338003308E3 /* Resources */,
			);
			buildRules = (
			);
			dependencies = (
			);
			name = "GCD-Barrier";
			productName = "GCD-Barrier";
			productReference = D328D6371D266338003308E3 /* GCD-Barrier.app */;
			productType = "com.apple.product-type.application";
		};
/* End PBXNativeTarget section */

/* Begin PBXProject section */
		D328D62F1D266338003308E3 /* Project object */ = {
			isa = PBXProject;
			attributes = {
				LastUpgradeCheck = 0730;
				ORGANIZATIONNAME = tarena50;
				TargetAttributes = {
					D328D6361D266338003308E3 = {
						CreatedOnToolsVersion = 7.3.1;
					};
				};
			};
			buildConfigurationList = D328D6321D266338003308E3 /* Build configuration list for PBXProject "GCD-Barrier" */;
			compatibilityVersion = "Xcode 3.2";
			developmentRegion = English;
			hasScannedForEncodings = 0;
			knownRegions = (
				en,
				Base,
			);
			mainGroup = D328D62E1D266338003308E3;
			productRefGroup = D328D6381D266338003308E3 /* Products */;
			projectDirPath = "";
			projectRoot = "";
			targets = (
				D328D6361D266338003308E3 /* GCD-Barrier */,
			);
		};
/* End PBXProject section */

/* Begin PBXResourcesBuildPhase section */
		D328D6351D266338003308E3 /* Resources */ = {
			isa = PBXResourcesBuildPhase;
			buildActionMask = 2147483647;
			files = (
				D328D66C1D266436003308E3 /* Info.plist in Resources */,
				D328D64A1D266338003308E3 /* LaunchScreen.storyboard in Resources */,
				D328D6471D266338003308E3 /* Assets.xcassets in Resources */,
				D328D6451D266338003308E3 /* Main.storyboard in Resources */,
			);
			runOnlyForDeploymentPostprocessing = 0;
		};
/* End PBXResourcesBuildPhase section */

/* Begin PBXSourcesBuildPhase section */
		D328D6331D266338003308E3 /* Sources */ = {
			isa = PBXSourcesBuildPhase;
			buildActionMask = 2147483647;
			files = (
				D328D6741D266436003308E3 /* NSLayoutConstraint+MASDebugAdditions.m in Sources */,
				D328D6721D266436003308E3 /* MASViewConstraint.m in Sources */,
				D328D66D1D266436003308E3 /* MASCompositeConstraint.m in Sources */,
				D328D6731D266436003308E3 /* NSArray+MASAdditions.m in Sources */,
				D328D6421D266338003308E3 /* ViewController.m in Sources */,
				D328D63F1D266338003308E3 /* AppDelegate.m in Sources */,
				D328D6701D266436003308E3 /* MASLayoutConstraint.m in Sources */,
				D328D63C1D266338003308E3 /* main.m in Sources */,
				D328D6761D266436003308E3 /* ViewController+MASAdditions.m in Sources */,
				D328D6751D266436003308E3 /* View+MASAdditions.m in Sources */,
				D328D6711D266436003308E3 /* MASViewAttribute.m in Sources */,
				D328D66E1D266436003308E3 /* MASConstraint.m in Sources */,
				D328D66F1D266436003308E3 /* MASConstraintMaker.m in Sources */,
			);
			runOnlyForDeploymentPostprocessing = 0;
		};
/* End PBXSourcesBuildPhase section */

/* Begin PBXVariantGroup section */
		D328D6431D266338003308E3 /* Main.storyboard */ = {
			isa = PBXVariantGroup;
			children = (
				D328D6441D266338003308E3 /* Base */,
			);
			name = Main.storyboard;
			sourceTree = "<group>";
		};
		D328D6481D266338003308E3 /* LaunchScreen.storyboard */ = {
			isa = PBXVariantGroup;
			children = (
				D328D6491D266338003308E3 /* Base */,
			);
			name = LaunchScreen.storyboard;
			sourceTree = "<group>";
		};
/* End PBXVariantGroup section */

/* Begin XCBuildConfiguration section */
		D328D64C1D266338003308E3 /* Debug */ = {
			isa = XCBuildConfiguration;
			buildSettings = {
				ALWAYS_SEARCH_USER_PATHS = NO;
				CLANG_ANALYZER_NONNULL = YES;
				CLANG_CXX_LANGUAGE_STANDARD = "gnu++0x";
				CLANG_CXX_LIBRARY = "libc++";
				CLANG_ENABLE_MODULES = YES;
				CLANG_ENABLE_OBJC_ARC = YES;
				CLANG_WARN_BOOL_CONVERSION = YES;
				CLANG_WARN_CONSTANT_CONVERSION = YES;
				CLANG_WARN_DIRECT_OBJC_ISA_USAGE = YES_ERROR;
				CLANG_WARN_EMPTY_BODY = YES;
				CLANG_WARN_ENUM_CONVERSION = YES;
				CLANG_WARN_INT_CONVERSION = YES;
				CLANG_WARN_OBJC_ROOT_CLASS = YES_ERROR;
				CLANG_WARN_UNREACHABLE_CODE = YES;
				CLANG_WARN__DUPLICATE_METHOD_MATCH = YES;
				"CODE_SIGN_IDENTITY[sdk=iphoneos*]" = "iPhone Developer";
				COPY_PHASE_STRIP = NO;
				DEBUG_INFORMATION_FORMAT = dwarf;
				ENABLE_STRICT_OBJC_MSGSEND = YES;
				ENABLE_TESTABILITY = YES;
				GCC_C_LANGUAGE_STANDARD = gnu99;
				GCC_DYNAMIC_NO_PIC = NO;
				GCC_NO_COMMON_BLOCKS = YES;
				GCC_OPTIMIZATION_LEVEL = 0;
				GCC_PREPROCESSOR_DEFINITIONS = (
					"DEBUG=1",
					"$(inherited)",
				);
				GCC_WARN_64_TO_32_BIT_CONVERSION = YES;
				GCC_WARN_ABOUT_RETURN_TYPE = YES_ERROR;
				GCC_WARN_UNDECLARED_SELECTOR = YES;
				GCC_WARN_UNINITIALIZED_AUTOS = YES_AGGRESSIVE;
				GCC_WARN_UNUSED_FUNCTION = YES;
				GCC_WARN_UNUSED_VARIABLE = YES;
				IPHONEOS_DEPLOYMENT_TARGET = 9.3;
				MTL_ENABLE_DEBUG_INFO = YES;
				ONLY_ACTIVE_ARCH = YES;
				SDKROOT = iphoneos;
				TARGETED_DEVICE_FAMILY = "1,2";
			};
			name = Debug;
		};
		D328D64D1D266338003308E3 /* Release */ = {
			isa = XCBuildConfiguration;
			buildSettings = {
				ALWAYS_SEARCH_USER_PATHS = NO;
				CLANG_ANALYZER_NONNULL = YES;
				CLANG_CXX_LANGUAGE_STANDARD = "gnu++0x";
				CLANG_CXX_LIBRARY = "libc++";
				CLANG_ENABLE_MODULES = YES;
				CLANG_ENABLE_OBJC_ARC = YES;
				CLANG_WARN_BOOL_CONVERSION = YES;
				CLANG_WARN_CONSTANT_CONVERSION = YES;
				CLANG_WARN_DIRECT_OBJC_ISA_USAGE = YES_ERROR;
				CLANG_WARN_EMPTY_BODY = YES;
				CLANG_WARN_ENUM_CONVERSION = YES;
				CLANG_WARN_INT_CONVERSION = YES;
				CLANG_WARN_OBJC_ROOT_CLASS = YES_ERROR;
				CLANG_WARN_UNREACHABLE_CODE = YES;
				CLANG_WARN__DUPLICATE_METHOD_MATCH = YES;
				"CODE_SIGN_IDENTITY[sdk=iphoneos*]" = "iPhone Developer";
				COPY_PHASE_STRIP = NO;
				DEBUG_INFORMATION_FORMAT = "dwarf-with-dsym";
				ENABLE_NS_ASSERTIONS = NO;
				ENABLE_STRICT_OBJC_MSGSEND = YES;
				GCC_C_LANGUAGE_STANDARD = gnu99;
				GCC_NO_COMMON_BLOCKS = YES;
				GCC_WARN_64_TO_32_BIT_CONVERSION = YES;
				GCC_WARN_ABOUT_RETURN_TYPE = YES_ERROR;
				GCC_WARN_UNDECLARED_SELECTOR = YES;
				GCC_WARN_UNINITIALIZED_AUTOS = YES_AGGRESSIVE;
				GCC_WARN_UNUSED_FUNCTION = YES;
				GCC_WARN_UNUSED_VARIABLE = YES;
				IPHONEOS_DEPLOYMENT_TARGET = 9.3;
				MTL_ENABLE_DEBUG_INFO = NO;
				SDKROOT = iphoneos;
				TARGETED_DEVICE_FAMILY = "1,2";
				VALIDATE_PRODUCT = YES;
			};
			name = Release;
		};
		D328D64F1D266338003308E3 /* Debug */ = {
			isa = XCBuildConfiguration;
			buildSettings = {
				ASSETCATALOG_COMPILER_APPICON_NAME = AppIcon;
				INFOPLIST_FILE = "GCD-Barrier/Info.plist";
				LD_RUNPATH_SEARCH_PATHS = "$(inherited) @executable_path/Frameworks";
				PRODUCT_BUNDLE_IDENTIFIER = "cn.tedu.GCD-Barrier";
				PRODUCT_NAME = "$(TARGET_NAME)";
			};
			name = Debug;
		};
		D328D6501D266338003308E3 /* Release */ = {
			isa = XCBuildConfiguration;
			buildSettings = {
				ASSETCATALOG_COMPILER_APPICON_NAME = AppIcon;
				INFOPLIST_FILE = "GCD-Barrier/Info.plist";
				LD_RUNPATH_SEARCH_PATHS = "$(inherited) @executable_path/Frameworks";
				PRODUCT_BUNDLE_IDENTIFIER = "cn.tedu.GCD-Barrier";
				PRODUCT_NAME = "$(TARGET_NAME)";
			};
			name = Release;
		};
/* End XCBuildConfiguration section */

/* Begin XCConfigurationList section */
		D328D6321D266338003308E3 /* Build configuration list for PBXProject "GCD-Barrier" */ = {
			isa = XCConfigurationList;
			buildConfigurations = (
				D328D64C1D266338003308E3 /* Debug */,
				D328D64D1D266338003308E3 /* Release */,
			);
			defaultConfigurationIsVisible = 0;
			defaultConfigurationName = Release;
		};
		D328D64E1D266338003308E3 /* Build configuration list for PBXNativeTarget "GCD-Barrier" */ = {
			isa = XCConfigurationList;
			buildConfigurations = (
				D328D64F1D266338003308E3 /* Debug */,
				D328D6501D266338003308E3 /* Release */,
			);
			defaultConfigurationIsVisible = 0;
		};
/* End XCConfigurationList section */
	};
	rootObject = D328D62F1D266338003308E3 /* Project object */;
}
